
Microsoft Visual Studio Solution File, Format Version 12.00
# Visual Studio Version 17
VisualStudioVersion = 17.0.31903.59
MinimumVisualStudioVersion = 10.0.40219.1
Project("{2150E333-8FDC-42A3-9474-1A3956D46DE8}") = "src", "src", "{A1DEEC39-3187-4E4A-809A-856DD2E6DB5D}"
EndProject
Project("{FAE04EC0-301F-11D3-BF4B-00C04F79EFBC}") = "TaskTrackerClean.API", "src\Microservices\TaskTrackerCleanService\TaskTrackerClean.API\TaskTrackerClean.API.csproj", "{62BC2CF2-413A-4916-9E4A-2E6CB094E019}"
EndProject
Project("{FAE04EC0-301F-11D3-BF4B-00C04F79EFBC}") = "TaskTrackerClean.Domain", "src\Microservices\TaskTrackerCleanService\TaskTrackerClean.Domain\TaskTrackerClean.Domain.csproj", "{1AECDAB0-9F5E-40F2-B098-2F6295C10834}"
EndProject
Project("{FAE04EC0-301F-11D3-BF4B-00C04F79EFBC}") = "TaskTrackerClean.Application", "src\Microservices\TaskTrackerCleanService\TaskTrackerClean.Application\TaskTrackerClean.Application.csproj", "{2B8FDCBB-D43B-4762-AF6D-25E93E04E341}"
EndProject
Project("{FAE04EC0-301F-11D3-BF4B-00C04F79EFBC}") = "TaskTrackerClean.Infrastructure", "src\Microservices\TaskTrackerCleanService\TaskTrackerClean.Infrastructure\TaskTrackerClean.Infrastructure.csproj", "{DCF75B83-C22D-45D6-8667-6C20479CF4C2}"
EndProject
Project("{2150E333-8FDC-42A3-9474-1A3956D46DE8}") = "Services", "Services", "{02EA681E-C7D8-13C7-8484-4AC65E1B71E8}"
EndProject
Project("{2150E333-8FDC-42A3-9474-1A3956D46DE8}") = "TaskTrackerCleanService", "TaskTrackerCleanService", "{1AC627B2-94D4-4E4F-8DBB-D816B56AF37D}"
EndProject
Project("{2150E333-8FDC-42A3-9474-1A3956D46DE8}") = "LoggerService", "LoggerService", "{8A535B7B-A169-45B8-BB5E-C02CE0ACB8B5}"
EndProject
Project("{FAE04EC0-301F-11D3-BF4B-00C04F79EFBC}") = "Logger.API", "src\Microservices\LoggerService\Logger.API\Logger.API.csproj", "{C7A3E44F-90B2-4936-B551-ADA8BC8B50A9}"
EndProject
Project("{FAE04EC0-301F-11D3-BF4B-00C04F79EFBC}") = "Logger.Domain", "src\Microservices\LoggerService\Logger.Domain\Logger.Domain.csproj", "{9908A0C3-2888-4B68-898D-D00030F2A5DE}"
EndProject
Project("{FAE04EC0-301F-11D3-BF4B-00C04F79EFBC}") = "Logger.Application", "src\Microservices\LoggerService\Logger.Application\Logger.Application.csproj", "{89C98BBF-61BD-4F12-8D28-130F017BAF78}"
EndProject
Project("{2150E333-8FDC-42A3-9474-1A3956D46DE8}") = "Common", "Common", "{80149373-4C7A-4BD7-9F17-57AC15BF01DC}"
EndProject
Project("{FAE04EC0-301F-11D3-BF4B-00C04F79EFBC}") = "Common.Contracts", "src\Microservices\Common\Common.Contracts\Common.Contracts.csproj", "{5FBD93E8-976B-4B8C-BB5E-25675664D75E}"
EndProject
Global
	GlobalSection(SolutionConfigurationPlatforms) = preSolution
		Debug|Any CPU = Debug|Any CPU
		Release|Any CPU = Release|Any CPU
	EndGlobalSection
	GlobalSection(ProjectConfigurationPlatforms) = postSolution
		{62BC2CF2-413A-4916-9E4A-2E6CB094E019}.Debug|Any CPU.ActiveCfg = Debug|Any CPU
		{62BC2CF2-413A-4916-9E4A-2E6CB094E019}.Debug|Any CPU.Build.0 = Debug|Any CPU
		{62BC2CF2-413A-4916-9E4A-2E6CB094E019}.Release|Any CPU.ActiveCfg = Release|Any CPU
		{62BC2CF2-413A-4916-9E4A-2E6CB094E019}.Release|Any CPU.Build.0 = Release|Any CPU
		{1AECDAB0-9F5E-40F2-B098-2F6295C10834}.Debug|Any CPU.ActiveCfg = Debug|Any CPU
		{1AECDAB0-9F5E-40F2-B098-2F6295C10834}.Debug|Any CPU.Build.0 = Debug|Any CPU
		{1AECDAB0-9F5E-40F2-B098-2F6295C10834}.Release|Any CPU.ActiveCfg = Release|Any CPU
		{1AECDAB0-9F5E-40F2-B098-2F6295C10834}.Release|Any CPU.Build.0 = Release|Any CPU
		{2B8FDCBB-D43B-4762-AF6D-25E93E04E341}.Debug|Any CPU.ActiveCfg = Debug|Any CPU
		{2B8FDCBB-D43B-4762-AF6D-25E93E04E341}.Debug|Any CPU.Build.0 = Debug|Any CPU
		{2B8FDCBB-D43B-4762-AF6D-25E93E04E341}.Release|Any CPU.ActiveCfg = Release|Any CPU
		{2B8FDCBB-D43B-4762-AF6D-25E93E04E341}.Release|Any CPU.Build.0 = Release|Any CPU
		{DCF75B83-C22D-45D6-8667-6C20479CF4C2}.Debug|Any CPU.ActiveCfg = Debug|Any CPU
		{DCF75B83-C22D-45D6-8667-6C20479CF4C2}.Debug|Any CPU.Build.0 = Debug|Any CPU
		{DCF75B83-C22D-45D6-8667-6C20479CF4C2}.Release|Any CPU.ActiveCfg = Release|Any CPU
		{DCF75B83-C22D-45D6-8667-6C20479CF4C2}.Release|Any CPU.Build.0 = Release|Any CPU
		{C7A3E44F-90B2-4936-B551-ADA8BC8B50A9}.Debug|Any CPU.ActiveCfg = Debug|Any CPU
		{C7A3E44F-90B2-4936-B551-ADA8BC8B50A9}.Debug|Any CPU.Build.0 = Debug|Any CPU
		{C7A3E44F-90B2-4936-B551-ADA8BC8B50A9}.Release|Any CPU.ActiveCfg = Release|Any CPU
		{C7A3E44F-90B2-4936-B551-ADA8BC8B50A9}.Release|Any CPU.Build.0 = Release|Any CPU
		{9908A0C3-2888-4B68-898D-D00030F2A5DE}.Debug|Any CPU.ActiveCfg = Debug|Any CPU
		{9908A0C3-2888-4B68-898D-D00030F2A5DE}.Debug|Any CPU.Build.0 = Debug|Any CPU
		{9908A0C3-2888-4B68-898D-D00030F2A5DE}.Release|Any CPU.ActiveCfg = Release|Any CPU
		{9908A0C3-2888-4B68-898D-D00030F2A5DE}.Release|Any CPU.Build.0 = Release|Any CPU
		{89C98BBF-61BD-4F12-8D28-130F017BAF78}.Debug|Any CPU.ActiveCfg = Debug|Any CPU
		{89C98BBF-61BD-4F12-8D28-130F017BAF78}.Debug|Any CPU.Build.0 = Debug|Any CPU
		{89C98BBF-61BD-4F12-8D28-130F017BAF78}.Release|Any CPU.ActiveCfg = Release|Any CPU
		{89C98BBF-61BD-4F12-8D28-130F017BAF78}.Release|Any CPU.Build.0 = Release|Any CPU
		{5FBD93E8-976B-4B8C-BB5E-25675664D75E}.Debug|Any CPU.ActiveCfg = Debug|Any CPU
		{5FBD93E8-976B-4B8C-BB5E-25675664D75E}.Debug|Any CPU.Build.0 = Debug|Any CPU
		{5FBD93E8-976B-4B8C-BB5E-25675664D75E}.Release|Any CPU.ActiveCfg = Release|Any CPU
		{5FBD93E8-976B-4B8C-BB5E-25675664D75E}.Release|Any CPU.Build.0 = Release|Any CPU
	EndGlobalSection
	GlobalSection(SolutionProperties) = preSolution
		HideSolutionNode = FALSE
	EndGlobalSection
	GlobalSection(NestedProjects) = preSolution
		{62BC2CF2-413A-4916-9E4A-2E6CB094E019} = {1AC627B2-94D4-4E4F-8DBB-D816B56AF37D}
		{1AECDAB0-9F5E-40F2-B098-2F6295C10834} = {1AC627B2-94D4-4E4F-8DBB-D816B56AF37D}
		{2B8FDCBB-D43B-4762-AF6D-25E93E04E341} = {1AC627B2-94D4-4E4F-8DBB-D816B56AF37D}
		{DCF75B83-C22D-45D6-8667-6C20479CF4C2} = {1AC627B2-94D4-4E4F-8DBB-D816B56AF37D}
		{02EA681E-C7D8-13C7-8484-4AC65E1B71E8} = {A1DEEC39-3187-4E4A-809A-856DD2E6DB5D}
		{1AC627B2-94D4-4E4F-8DBB-D816B56AF37D} = {02EA681E-C7D8-13C7-8484-4AC65E1B71E8}
		{8A535B7B-A169-45B8-BB5E-C02CE0ACB8B5} = {02EA681E-C7D8-13C7-8484-4AC65E1B71E8}
		{C7A3E44F-90B2-4936-B551-ADA8BC8B50A9} = {8A535B7B-A169-45B8-BB5E-C02CE0ACB8B5}
		{9908A0C3-2888-4B68-898D-D00030F2A5DE} = {8A535B7B-A169-45B8-BB5E-C02CE0ACB8B5}
		{89C98BBF-61BD-4F12-8D28-130F017BAF78} = {8A535B7B-A169-45B8-BB5E-C02CE0ACB8B5}
		{80149373-4C7A-4BD7-9F17-57AC15BF01DC} = {02EA681E-C7D8-13C7-8484-4AC65E1B71E8}
		{5FBD93E8-976B-4B8C-BB5E-25675664D75E} = {80149373-4C7A-4BD7-9F17-57AC15BF01DC}
	EndGlobalSection
	GlobalSection(ExtensibilityGlobals) = postSolution
		SolutionGuid = {1CEBF56A-E67A-430B-894D-2C885B2F6CE7}
	EndGlobalSection
EndGlobal
